
Microsoft Visual Studio Solution File, Format Version 12.00
# Visual Studio Version 17
VisualStudioVersion = 17.3.32929.385
MinimumVisualStudioVersion = 10.0.40219.1
Project("{FAE04EC0-301F-11D3-BF4B-00C04F79EFBC}") = "WebAPI", "WebAPI\WebAPI.csproj", "{4BF265B1-481C-443B-BCEE-0B95D6C7A475}"
EndProject
Project("{FAE04EC0-301F-11D3-BF4B-00C04F79EFBC}") = "JobPortal.BAL", "JobPortal.BAL\JobPortal.BAL.csproj", "{318E4A22-4C0E-4788-A176-50BDCB12FD0E}"
EndProject
Project("{FAE04EC0-301F-11D3-BF4B-00C04F79EFBC}") = "JobPortal.DAL", "JobPortal.DAL\JobPortal.DAL.csproj", "{5E567603-D66A-4F01-A2A1-1298A7C7EA6A}"
EndProject
Project("{FAE04EC0-301F-11D3-BF4B-00C04F79EFBC}") = "Persistance.EntityFramework", "Persistance.EntityFramework\Persistance.EntityFramework.csproj", "{2CE9B043-2A61-4230-AF2A-BBCDF0C86A6F}"
EndProject
Global
	GlobalSection(SolutionConfigurationPlatforms) = preSolution
		Debug|Any CPU = Debug|Any CPU
		Release|Any CPU = Release|Any CPU
	EndGlobalSection
	GlobalSection(ProjectConfigurationPlatforms) = postSolution
		{4BF265B1-481C-443B-BCEE-0B95D6C7A475}.Debug|Any CPU.ActiveCfg = Debug|Any CPU
		{4BF265B1-481C-443B-BCEE-0B95D6C7A475}.Debug|Any CPU.Build.0 = Debug|Any CPU
		{4BF265B1-481C-443B-BCEE-0B95D6C7A475}.Release|Any CPU.ActiveCfg = Release|Any CPU
		{4BF265B1-481C-443B-BCEE-0B95D6C7A475}.Release|Any CPU.Build.0 = Release|Any CPU
		{318E4A22-4C0E-4788-A176-50BDCB12FD0E}.Debug|Any CPU.ActiveCfg = Debug|Any CPU
		{318E4A22-4C0E-4788-A176-50BDCB12FD0E}.Debug|Any CPU.Build.0 = Debug|Any CPU
		{318E4A22-4C0E-4788-A176-50BDCB12FD0E}.Release|Any CPU.ActiveCfg = Release|Any CPU
		{318E4A22-4C0E-4788-A176-50BDCB12FD0E}.Release|Any CPU.Build.0 = Release|Any CPU
		{5E567603-D66A-4F01-A2A1-1298A7C7EA6A}.Debug|Any CPU.ActiveCfg = Debug|Any CPU
		{5E567603-D66A-4F01-A2A1-1298A7C7EA6A}.Debug|Any CPU.Build.0 = Debug|Any CPU
		{5E567603-D66A-4F01-A2A1-1298A7C7EA6A}.Release|Any CPU.ActiveCfg = Release|Any CPU
		{5E567603-D66A-4F01-A2A1-1298A7C7EA6A}.Release|Any CPU.Build.0 = Release|Any CPU
		{2CE9B043-2A61-4230-AF2A-BBCDF0C86A6F}.Debug|Any CPU.ActiveCfg = Debug|Any CPU
		{2CE9B043-2A61-4230-AF2A-BBCDF0C86A6F}.Debug|Any CPU.Build.0 = Debug|Any CPU
		{2CE9B043-2A61-4230-AF2A-BBCDF0C86A6F}.Release|Any CPU.ActiveCfg = Release|Any CPU
		{2CE9B043-2A61-4230-AF2A-BBCDF0C86A6F}.Release|Any CPU.Build.0 = Release|Any CPU
	EndGlobalSection
	GlobalSection(SolutionProperties) = preSolution
		HideSolutionNode = FALSE
	EndGlobalSection
	GlobalSection(ExtensibilityGlobals) = postSolution
		SolutionGuid = {FC86ECF2-4515-4C6B-B806-E0F6F8308012}
	EndGlobalSection
EndGlobal
